
Microsoft Visual Studio Solution File, Format Version 12.00
# Visual Studio Version 16
VisualStudioVersion = 16.0.29920.165
MinimumVisualStudioVersion = 10.0.40219.1
Project("{FAE04EC0-301F-11D3-BF4B-00C04F79EFBC}") = "Cw11", "Cw11.csproj", "{18E29B95-D482-42CF-BCED-BB4C89E6CBBE}"
EndProject
Global
	GlobalSection(SolutionConfigurationPlatforms) = preSolution
		Debug|Any CPU = Debug|Any CPU
		Release|Any CPU = Release|Any CPU
	EndGlobalSection
	GlobalSection(ProjectConfigurationPlatforms) = postSolution
		{18E29B95-D482-42CF-BCED-BB4C89E6CBBE}.Debug|Any CPU.ActiveCfg = Debug|Any CPU
		{18E29B95-D482-42CF-BCED-BB4C89E6CBBE}.Debug|Any CPU.Build.0 = Debug|Any CPU
		{18E29B95-D482-42CF-BCED-BB4C89E6CBBE}.Release|Any CPU.ActiveCfg = Release|Any CPU
		{18E29B95-D482-42CF-BCED-BB4C89E6CBBE}.Release|Any CPU.Build.0 = Release|Any CPU
	EndGlobalSection
	GlobalSection(SolutionProperties) = preSolution
		HideSolutionNode = FALSE
	EndGlobalSection
	GlobalSection(ExtensibilityGlobals) = postSolution
		SolutionGuid = {9B54F63C-EF00-4E7D-9DA6-01930175896C}
	EndGlobalSection
EndGlobal
